<Solution>
  <Project Path="CsharpSession1/CsharpSession1.csproj" Id="18bfe58d-23b6-4971-b99c-db9716010169" />
  <Project Path="Hotel-Mangment-System/Hotel-Mangment-System.csproj" Id="26aed244-be2a-48f0-8ff4-ad0f2f81b2f5" />
  <Project Path="project1/project1.csproj" Id="78755a81-9ce2-4741-9220-b4ab6628c06c" />
  <Project Path="Task3/Task3.csproj" Id="cb2477bc-6de4-4728-b408-cece9759f935" />
  <Project Path="Task4/Task 4/Task 4.csproj" Id="3161a1cb-0292-4e9e-b4de-e73fd9aca3b9" />
  <Project Path="Task5/Task5.csproj" Id="e606157c-c65d-4631-98a4-85f9ae70c533" />
  <Project Path="task6/task6.csproj" Id="f31dd1fc-8813-4c11-936d-0865b475338d" />
  <Project Path="Task7/Task7.csproj" Id="5e5a0316-14ee-411a-b2a5-f87bba5e09d4" />
</Solution>
